
Microsoft Visual Studio Solution File, Format Version 12.00
# Visual Studio Version 16
VisualStudioVersion = 16.0.32002.261
MinimumVisualStudioVersion = 10.0.40219.1
Project("{FAE04EC0-301F-11D3-BF4B-00C04F79EFBC}") = "assignment 4.1", "assignment 4.1.csproj", "{3B390B21-27BB-48BD-B724-F83E130652E0}"
EndProject
Global
	GlobalSection(SolutionConfigurationPlatforms) = preSolution
		Debug|Any CPU = Debug|Any CPU
		Release|Any CPU = Release|Any CPU
	EndGlobalSection
	GlobalSection(ProjectConfigurationPlatforms) = postSolution
		{3B390B21-27BB-48BD-B724-F83E130652E0}.Debug|Any CPU.ActiveCfg = Debug|Any CPU
		{3B390B21-27BB-48BD-B724-F83E130652E0}.Debug|Any CPU.Build.0 = Debug|Any CPU
		{3B390B21-27BB-48BD-B724-F83E130652E0}.Release|Any CPU.ActiveCfg = Release|Any CPU
		{3B390B21-27BB-48BD-B724-F83E130652E0}.Release|Any CPU.Build.0 = Release|Any CPU
	EndGlobalSection
	GlobalSection(SolutionProperties) = preSolution
		HideSolutionNode = FALSE
	EndGlobalSection
	GlobalSection(ExtensibilityGlobals) = postSolution
		SolutionGuid = {942E02C9-D921-42AA-A360-B10753BD9789}
	EndGlobalSection
EndGlobal
