
Microsoft Visual Studio Solution File, Format Version 12.00
# Visual Studio Version 17
VisualStudioVersion = 17.1.32228.430
MinimumVisualStudioVersion = 10.0.40219.1
Project("{FAE04EC0-301F-11D3-BF4B-00C04F79EFBC}") = "Assignment 12.2", "Assignment 12.2.csproj", "{AFC2BBA5-89E8-4ADB-92C3-4B1D94E4B2EA}"
EndProject
Global
	GlobalSection(SolutionConfigurationPlatforms) = preSolution
		Debug|Any CPU = Debug|Any CPU
		Release|Any CPU = Release|Any CPU
	EndGlobalSection
	GlobalSection(ProjectConfigurationPlatforms) = postSolution
		{AFC2BBA5-89E8-4ADB-92C3-4B1D94E4B2EA}.Debug|Any CPU.ActiveCfg = Debug|Any CPU
		{AFC2BBA5-89E8-4ADB-92C3-4B1D94E4B2EA}.Debug|Any CPU.Build.0 = Debug|Any CPU
		{AFC2BBA5-89E8-4ADB-92C3-4B1D94E4B2EA}.Release|Any CPU.ActiveCfg = Release|Any CPU
		{AFC2BBA5-89E8-4ADB-92C3-4B1D94E4B2EA}.Release|Any CPU.Build.0 = Release|Any CPU
	EndGlobalSection
	GlobalSection(SolutionProperties) = preSolution
		HideSolutionNode = FALSE
	EndGlobalSection
	GlobalSection(ExtensibilityGlobals) = postSolution
		SolutionGuid = {117284D2-8C59-420C-AEEB-6CE6EDA06504}
	EndGlobalSection
EndGlobal
